<?xml version="1.0" encoding="utf-8"?>
<Project ToolsVersion="4.0" xmlns="http://schemas.microsoft.com/developer/msbuild/2003">
  <ItemGroup>
    <ClCompile Include="ModuleAudio_1.cpp">
      <Filter>Modules</Filter>
    </ClCompile>
    <ClCompile Include="ModuleAudio_2.cpp">
      <Filter>Modules</Filter>
    </ClCompile>
    <ClCompile Include="ModuleCollision.cpp">
      <Filter>Modules</Filter>
    </ClCompile>
    <ClCompile Include="ModuleEnemies.cpp">
      <Filter>Modules</Filter>
    </ClCompile>
    <ClCompile Include="ModuleFadeToBlack.cpp">
      <Filter>Modules</Filter>
    </ClCompile>
    <ClCompile Include="ModuleFonts.cpp">
      <Filter>Modules</Filter>
    </ClCompile>
    <ClCompile Include="ModuleInput.cpp">
      <Filter>Modules</Filter>
    </ClCompile>
    <ClCompile Include="ModuleMap1.cpp">
      <Filter>Modules</Filter>
    </ClCompile>
    <ClCompile Include="ModuleMap2.cpp">
      <Filter>Modules</Filter>
    </ClCompile>
    <ClCompile Include="ModuleParticles.cpp">
      <Filter>Modules</Filter>
    </ClCompile>
    <ClCompile Include="ModulePlayer.cpp">
      <Filter>Modules</Filter>
    </ClCompile>
    <ClCompile Include="ModulePlayer2.cpp">
      <Filter>Modules</Filter>
    </ClCompile>
    <ClCompile Include="ModulePowerUps.cpp">
      <Filter>Modules</Filter>
    </ClCompile>
    <ClCompile Include="ModuleRender.cpp">
      <Filter>Modules</Filter>
    </ClCompile>
    <ClCompile Include="ModuleStageClear1.cpp">
      <Filter>Modules</Filter>
    </ClCompile>
    <ClCompile Include="ModuleTextures.cpp">
      <Filter>Modules</Filter>
    </ClCompile>
    <ClCompile Include="ModuleWelcomeScreen.cpp">
      <Filter>Modules</Filter>
    </ClCompile>
    <ClCompile Include="ModuleWindow.cpp">
      <Filter>Modules</Filter>
    </ClCompile>
    <ClCompile Include="Application.cpp">
      <Filter>Core</Filter>
    </ClCompile>
    <ClCompile Include="Main.cpp">
      <Filter>Core</Filter>
    </ClCompile>
    <ClCompile Include="Globals.cpp">
      <Filter>Core</Filter>
    </ClCompile>
    <ClCompile Include="Enemy.cpp">
      <Filter>Modules\Enemies</Filter>
    </ClCompile>
    <ClCompile Include="Enemy_Bonus_Ship.cpp">
      <Filter>Modules\Enemies</Filter>
    </ClCompile>
    <ClCompile Include="Enemy_Light_Shooter.cpp">
      <Filter>Modules\Enemies</Filter>
    </ClCompile>
    <ClCompile Include="Enemy_Medium_Shooter.cpp">
      <Filter>Modules\Enemies</Filter>
    </ClCompile>
    <ClCompile Include="Tank.cpp">
      <Filter>Modules\Enemies</Filter>
    </ClCompile>
    <ClCompile Include="BlueUp.cpp">
      <Filter>PowerUps</Filter>
    </ClCompile>
    <ClCompile Include="Medals.cpp">
      <Filter>PowerUps</Filter>
    </ClCompile>
    <ClCompile Include="PowerUp.cpp">
      <Filter>PowerUps</Filter>
    </ClCompile>
    <ClCompile Include="RedUp.cpp">
      <Filter>PowerUps</Filter>
    </ClCompile>
    <ClCompile Include="Box_Medal.cpp">
      <Filter>Modules\Enemies</Filter>
    </ClCompile>
    <ClCompile Include="Enemy_Kamikaze.cpp">
      <Filter>Modules\Enemies</Filter>
    </ClCompile>
    <ClCompile Include="Enemy_Ship_Tank.cpp">
      <Filter>Modules\Enemies</Filter>
    </ClCompile>
    <ClCompile Include="Box_PowerUp.cpp">
      <Filter>Modules\Enemies</Filter>
    </ClCompile>
    <ClCompile Include="Enemy_Long_Megatank.cpp">
      <Filter>Modules\Enemies</Filter>
    </ClCompile>
  </ItemGroup>
  <ItemGroup>
    <ClInclude Include="resource.h" />
    <ClInclude Include="ModuleAudio_1.h">
      <Filter>Modules</Filter>
    </ClInclude>
    <ClInclude Include="ModuleAudio_2.h">
      <Filter>Modules</Filter>
    </ClInclude>
    <ClInclude Include="ModuleCollision.h">
      <Filter>Modules</Filter>
    </ClInclude>
    <ClInclude Include="ModuleEnemies.h">
      <Filter>Modules</Filter>
    </ClInclude>
    <ClInclude Include="ModuleFadeToBlack.h">
      <Filter>Modules</Filter>
    </ClInclude>
    <ClInclude Include="ModuleFonts.h">
      <Filter>Modules</Filter>
    </ClInclude>
    <ClInclude Include="ModuleInput.h">
      <Filter>Modules</Filter>
    </ClInclude>
    <ClInclude Include="ModuleMap1.h">
      <Filter>Modules</Filter>
    </ClInclude>
    <ClInclude Include="ModuleMap2.h">
      <Filter>Modules</Filter>
    </ClInclude>
    <ClInclude Include="ModuleParticles.h">
      <Filter>Modules</Filter>
    </ClInclude>
    <ClInclude Include="ModulePlayer.h">
      <Filter>Modules</Filter>
    </ClInclude>
    <ClInclude Include="ModulePlayer2.h">
      <Filter>Modules</Filter>
    </ClInclude>
    <ClInclude Include="ModulePowerUps.h">
      <Filter>Modules</Filter>
    </ClInclude>
    <ClInclude Include="ModuleRender.h">
      <Filter>Modules</Filter>
    </ClInclude>
    <ClInclude Include="ModuleStageClear1.h">
      <Filter>Modules</Filter>
    </ClInclude>
    <ClInclude Include="ModuleTextures.h">
      <Filter>Modules</Filter>
    </ClInclude>
    <ClInclude Include="ModuleWelcomeScreen.h">
      <Filter>Modules</Filter>
    </ClInclude>
    <ClInclude Include="ModuleWindow.h">
      <Filter>Modules</Filter>
    </ClInclude>
    <ClInclude Include="Path.h">
      <Filter>Containers</Filter>
    </ClInclude>
    <ClInclude Include="p2Point.h">
      <Filter>Containers</Filter>
    </ClInclude>
    <ClInclude Include="Animation.h">
      <Filter>Containers</Filter>
    </ClInclude>
    <ClInclude Include="Application.h">
      <Filter>Core</Filter>
    </ClInclude>
    <ClInclude Include="MemLeaks.h">
      <Filter>Core</Filter>
    </ClInclude>
    <ClInclude Include="Globals.h">
      <Filter>Core</Filter>
    </ClInclude>
    <ClInclude Include="Enemy.h">
      <Filter>Modules\Enemies</Filter>
    </ClInclude>
    <ClInclude Include="Enemy_Bonus_Ship.h">
      <Filter>Modules\Enemies</Filter>
    </ClInclude>
    <ClInclude Include="Enemy_Light_Shooter.h">
      <Filter>Modules\Enemies</Filter>
    </ClInclude>
    <ClInclude Include="Enemy_Medium_Shooter.h">
      <Filter>Modules\Enemies</Filter>
    </ClInclude>
    <ClInclude Include="Tank.h">
      <Filter>Modules\Enemies</Filter>
    </ClInclude>
    <ClInclude Include="BlueUp.h">
      <Filter>PowerUps</Filter>
    </ClInclude>
    <ClInclude Include="Medals.h">
      <Filter>PowerUps</Filter>
    </ClInclude>
    <ClInclude Include="PowerUp.h">
      <Filter>PowerUps</Filter>
    </ClInclude>
    <ClInclude Include="RedUp.h">
      <Filter>PowerUps</Filter>
    </ClInclude>
    <ClInclude Include="Module.h">
      <Filter>Modules</Filter>
    </ClInclude>
    <ClInclude Include="Box_Medal.h">
      <Filter>Modules\Enemies</Filter>
    </ClInclude>
    <ClInclude Include="Enemy_Kamikaze.h">
      <Filter>Modules\Enemies</Filter>
    </ClInclude>
    <ClInclude Include="Enemy_Ship_Tank.h">
      <Filter>Modules\Enemies</Filter>
    </ClInclude>
    <ClInclude Include="Box_PowerUp.h">
      <Filter>Modules\Enemies</Filter>
    </ClInclude>
    <ClInclude Include="Enemy_Long_Megatank.h">
      <Filter>Modules\Enemies</Filter>
    </ClInclude>
  </ItemGroup>
  <ItemGroup>
    <ResourceCompile Include="SDL3 Handout.rc" />
  </ItemGroup>
  <ItemGroup>
    <Filter Include="Modules">
      <UniqueIdentifier>{03fa6de8-f00e-447a-a8bc-26b950e9a119}</UniqueIdentifier>
    </Filter>
    <Filter Include="Containers">
      <UniqueIdentifier>{579718bb-53bf-4825-b872-3a8801bd10bf}</UniqueIdentifier>
    </Filter>
    <Filter Include="Core">
      <UniqueIdentifier>{34df59bb-fd3c-46b6-928f-8896c6432784}</UniqueIdentifier>
    </Filter>
    <Filter Include="Modules\Enemies">
      <UniqueIdentifier>{13043b3b-4f22-4cfa-be33-1faa77097c2a}</UniqueIdentifier>
    </Filter>
    <Filter Include="PowerUps">
      <UniqueIdentifier>{3775e25a-08f6-4f11-8cff-2bf89ddfad8d}</UniqueIdentifier>
    </Filter>
  </ItemGroup>
</Project>